
Microsoft Visual Studio Solution File, Format Version 12.00
# Visual Studio Version 17
VisualStudioVersion = 17.1.32210.238
MinimumVisualStudioVersion = 10.0.40219.1
Project("{FAE04EC0-301F-11D3-BF4B-00C04F79EFBC}") = "LAMA.UWP", "LAMA\LAMA.UWP\LAMA.UWP.csproj", "{8AABD21D-9AD6-483E-ABF3-7E364E426AF1}"
EndProject
Project("{FAE04EC0-301F-11D3-BF4B-00C04F79EFBC}") = "LAMA.Android", "LAMA\LAMA.Android\LAMA.Android.csproj", "{654C797F-F848-4E1A-B213-372F929F9F57}"
EndProject
Project("{FAE04EC0-301F-11D3-BF4B-00C04F79EFBC}") = "LAMA.iOS", "LAMA\LAMA.iOS\LAMA.iOS.csproj", "{6E3C4CB9-A328-4329-B778-1522415C9615}"
EndProject
Project("{9A19103F-16F7-4668-BE54-9A1E7A4F7556}") = "LAMA", "LAMA\LAMA\LAMA.csproj", "{0694E885-15BA-4398-88A2-585081FA6C32}"
EndProject
Project("{9A19103F-16F7-4668-BE54-9A1E7A4F7556}") = "LAMAtestCommunicator", "LAMAtest\LAMAtestCommunicator.csproj", "{1A73B279-4FD6-43E2-B74F-CAB9923952A5}"
EndProject
Project("{FAE04EC0-301F-11D3-BF4B-00C04F79EFBC}") = "LAMA.WPF", "LAMA.WPF\LAMA.WPF.csproj", "{CF818A03-7CFD-4ED0-9F80-3251FB6E29AE}"
EndProject
Global
	GlobalSection(SolutionConfigurationPlatforms) = preSolution
		Debug|Any CPU = Debug|Any CPU
		Debug|ARM = Debug|ARM
		Debug|iPhone = Debug|iPhone
		Debug|iPhoneSimulator = Debug|iPhoneSimulator
		Debug|x64 = Debug|x64
		Debug|x86 = Debug|x86
		Release|Any CPU = Release|Any CPU
		Release|ARM = Release|ARM
		Release|iPhone = Release|iPhone
		Release|iPhoneSimulator = Release|iPhoneSimulator
		Release|x64 = Release|x64
		Release|x86 = Release|x86
	EndGlobalSection
	GlobalSection(ProjectConfigurationPlatforms) = postSolution
		{8AABD21D-9AD6-483E-ABF3-7E364E426AF1}.Debug|Any CPU.ActiveCfg = Debug|x64
		{8AABD21D-9AD6-483E-ABF3-7E364E426AF1}.Debug|Any CPU.Build.0 = Debug|x64
		{8AABD21D-9AD6-483E-ABF3-7E364E426AF1}.Debug|Any CPU.Deploy.0 = Debug|x64
		{8AABD21D-9AD6-483E-ABF3-7E364E426AF1}.Debug|ARM.ActiveCfg = Debug|ARM
		{8AABD21D-9AD6-483E-ABF3-7E364E426AF1}.Debug|ARM.Build.0 = Debug|ARM
		{8AABD21D-9AD6-483E-ABF3-7E364E426AF1}.Debug|ARM.Deploy.0 = Debug|ARM
		{8AABD21D-9AD6-483E-ABF3-7E364E426AF1}.Debug|iPhone.ActiveCfg = Debug|x64
		{8AABD21D-9AD6-483E-ABF3-7E364E426AF1}.Debug|iPhone.Build.0 = Debug|x64
		{8AABD21D-9AD6-483E-ABF3-7E364E426AF1}.Debug|iPhone.Deploy.0 = Debug|x64
		{8AABD21D-9AD6-483E-ABF3-7E364E426AF1}.Debug|iPhoneSimulator.ActiveCfg = Debug|x64
		{8AABD21D-9AD6-483E-ABF3-7E364E426AF1}.Debug|iPhoneSimulator.Build.0 = Debug|x64
		{8AABD21D-9AD6-483E-ABF3-7E364E426AF1}.Debug|iPhoneSimulator.Deploy.0 = Debug|x64
		{8AABD21D-9AD6-483E-ABF3-7E364E426AF1}.Debug|x64.ActiveCfg = Debug|x64
		{8AABD21D-9AD6-483E-ABF3-7E364E426AF1}.Debug|x64.Build.0 = Debug|x64
		{8AABD21D-9AD6-483E-ABF3-7E364E426AF1}.Debug|x64.Deploy.0 = Debug|x64
		{8AABD21D-9AD6-483E-ABF3-7E364E426AF1}.Debug|x86.ActiveCfg = Debug|x86
		{8AABD21D-9AD6-483E-ABF3-7E364E426AF1}.Debug|x86.Build.0 = Debug|x86
		{8AABD21D-9AD6-483E-ABF3-7E364E426AF1}.Debug|x86.Deploy.0 = Debug|x86
		{8AABD21D-9AD6-483E-ABF3-7E364E426AF1}.Release|Any CPU.ActiveCfg = Release|x64
		{8AABD21D-9AD6-483E-ABF3-7E364E426AF1}.Release|Any CPU.Build.0 = Release|x64
		{8AABD21D-9AD6-483E-ABF3-7E364E426AF1}.Release|Any CPU.Deploy.0 = Release|x64
		{8AABD21D-9AD6-483E-ABF3-7E364E426AF1}.Release|ARM.ActiveCfg = Release|ARM
		{8AABD21D-9AD6-483E-ABF3-7E364E426AF1}.Release|ARM.Build.0 = Release|ARM
		{8AABD21D-9AD6-483E-ABF3-7E364E426AF1}.Release|ARM.Deploy.0 = Release|ARM
		{8AABD21D-9AD6-483E-ABF3-7E364E426AF1}.Release|iPhone.ActiveCfg = Release|x64
		{8AABD21D-9AD6-483E-ABF3-7E364E426AF1}.Release|iPhone.Build.0 = Release|x64
		{8AABD21D-9AD6-483E-ABF3-7E364E426AF1}.Release|iPhone.Deploy.0 = Release|x64
		{8AABD21D-9AD6-483E-ABF3-7E364E426AF1}.Release|iPhoneSimulator.ActiveCfg = Release|x64
		{8AABD21D-9AD6-483E-ABF3-7E364E426AF1}.Release|iPhoneSimulator.Build.0 = Release|x64
		{8AABD21D-9AD6-483E-ABF3-7E364E426AF1}.Release|iPhoneSimulator.Deploy.0 = Release|x64
		{8AABD21D-9AD6-483E-ABF3-7E364E426AF1}.Release|x64.ActiveCfg = Release|x64
		{8AABD21D-9AD6-483E-ABF3-7E364E426AF1}.Release|x64.Build.0 = Release|x64
		{8AABD21D-9AD6-483E-ABF3-7E364E426AF1}.Release|x64.Deploy.0 = Release|x64
		{8AABD21D-9AD6-483E-ABF3-7E364E426AF1}.Release|x86.ActiveCfg = Release|x86
		{8AABD21D-9AD6-483E-ABF3-7E364E426AF1}.Release|x86.Build.0 = Release|x86
		{8AABD21D-9AD6-483E-ABF3-7E364E426AF1}.Release|x86.Deploy.0 = Release|x86
		{654C797F-F848-4E1A-B213-372F929F9F57}.Debug|Any CPU.ActiveCfg = Debug|Any CPU
		{654C797F-F848-4E1A-B213-372F929F9F57}.Debug|Any CPU.Build.0 = Debug|Any CPU
		{654C797F-F848-4E1A-B213-372F929F9F57}.Debug|Any CPU.Deploy.0 = Debug|Any CPU
		{654C797F-F848-4E1A-B213-372F929F9F57}.Debug|ARM.ActiveCfg = Debug|Any CPU
		{654C797F-F848-4E1A-B213-372F929F9F57}.Debug|ARM.Build.0 = Debug|Any CPU
		{654C797F-F848-4E1A-B213-372F929F9F57}.Debug|ARM.Deploy.0 = Debug|Any CPU
		{654C797F-F848-4E1A-B213-372F929F9F57}.Debug|iPhone.ActiveCfg = Debug|Any CPU
		{654C797F-F848-4E1A-B213-372F929F9F57}.Debug|iPhone.Build.0 = Debug|Any CPU
		{654C797F-F848-4E1A-B213-372F929F9F57}.Debug|iPhone.Deploy.0 = Debug|Any CPU
		{654C797F-F848-4E1A-B213-372F929F9F57}.Debug|iPhoneSimulator.ActiveCfg = Debug|Any CPU
		{654C797F-F848-4E1A-B213-372F929F9F57}.Debug|iPhoneSimulator.Build.0 = Debug|Any CPU
		{654C797F-F848-4E1A-B213-372F929F9F57}.Debug|iPhoneSimulator.Deploy.0 = Debug|Any CPU
		{654C797F-F848-4E1A-B213-372F929F9F57}.Debug|x64.ActiveCfg = Debug|Any CPU
		{654C797F-F848-4E1A-B213-372F929F9F57}.Debug|x64.Build.0 = Debug|Any CPU
		{654C797F-F848-4E1A-B213-372F929F9F57}.Debug|x64.Deploy.0 = Debug|Any CPU
		{654C797F-F848-4E1A-B213-372F929F9F57}.Debug|x86.ActiveCfg = Debug|Any CPU
		{654C797F-F848-4E1A-B213-372F929F9F57}.Debug|x86.Build.0 = Debug|Any CPU
		{654C797F-F848-4E1A-B213-372F929F9F57}.Debug|x86.Deploy.0 = Debug|Any CPU
		{654C797F-F848-4E1A-B213-372F929F9F57}.Release|Any CPU.ActiveCfg = Release|Any CPU
		{654C797F-F848-4E1A-B213-372F929F9F57}.Release|Any CPU.Build.0 = Release|Any CPU
		{654C797F-F848-4E1A-B213-372F929F9F57}.Release|Any CPU.Deploy.0 = Release|Any CPU
		{654C797F-F848-4E1A-B213-372F929F9F57}.Release|ARM.ActiveCfg = Release|Any CPU
		{654C797F-F848-4E1A-B213-372F929F9F57}.Release|ARM.Build.0 = Release|Any CPU
		{654C797F-F848-4E1A-B213-372F929F9F57}.Release|ARM.Deploy.0 = Release|Any CPU
		{654C797F-F848-4E1A-B213-372F929F9F57}.Release|iPhone.ActiveCfg = Release|Any CPU
		{654C797F-F848-4E1A-B213-372F929F9F57}.Release|iPhone.Build.0 = Release|Any CPU
		{654C797F-F848-4E1A-B213-372F929F9F57}.Release|iPhone.Deploy.0 = Release|Any CPU
		{654C797F-F848-4E1A-B213-372F929F9F57}.Release|iPhoneSimulator.ActiveCfg = Release|Any CPU
		{654C797F-F848-4E1A-B213-372F929F9F57}.Release|iPhoneSimulator.Build.0 = Release|Any CPU
		{654C797F-F848-4E1A-B213-372F929F9F57}.Release|iPhoneSimulator.Deploy.0 = Release|Any CPU
		{654C797F-F848-4E1A-B213-372F929F9F57}.Release|x64.ActiveCfg = Release|Any CPU
		{654C797F-F848-4E1A-B213-372F929F9F57}.Release|x64.Build.0 = Release|Any CPU
		{654C797F-F848-4E1A-B213-372F929F9F57}.Release|x64.Deploy.0 = Release|Any CPU
		{654C797F-F848-4E1A-B213-372F929F9F57}.Release|x86.ActiveCfg = Release|Any CPU
		{654C797F-F848-4E1A-B213-372F929F9F57}.Release|x86.Build.0 = Release|Any CPU
		{654C797F-F848-4E1A-B213-372F929F9F57}.Release|x86.Deploy.0 = Release|Any CPU
		{6E3C4CB9-A328-4329-B778-1522415C9615}.Debug|Any CPU.ActiveCfg = Debug|iPhoneSimulator
		{6E3C4CB9-A328-4329-B778-1522415C9615}.Debug|Any CPU.Build.0 = Debug|iPhoneSimulator
		{6E3C4CB9-A328-4329-B778-1522415C9615}.Debug|Any CPU.Deploy.0 = Debug|iPhoneSimulator
		{6E3C4CB9-A328-4329-B778-1522415C9615}.Debug|ARM.ActiveCfg = Debug|iPhoneSimulator
		{6E3C4CB9-A328-4329-B778-1522415C9615}.Debug|ARM.Build.0 = Debug|iPhoneSimulator
		{6E3C4CB9-A328-4329-B778-1522415C9615}.Debug|ARM.Deploy.0 = Debug|iPhoneSimulator
		{6E3C4CB9-A328-4329-B778-1522415C9615}.Debug|iPhone.ActiveCfg = Debug|iPhone
		{6E3C4CB9-A328-4329-B778-1522415C9615}.Debug|iPhone.Build.0 = Debug|iPhone
		{6E3C4CB9-A328-4329-B778-1522415C9615}.Debug|iPhone.Deploy.0 = Debug|iPhone
		{6E3C4CB9-A328-4329-B778-1522415C9615}.Debug|iPhoneSimulator.ActiveCfg = Debug|iPhoneSimulator
		{6E3C4CB9-A328-4329-B778-1522415C9615}.Debug|iPhoneSimulator.Build.0 = Debug|iPhoneSimulator
		{6E3C4CB9-A328-4329-B778-1522415C9615}.Debug|iPhoneSimulator.Deploy.0 = Debug|iPhoneSimulator
		{6E3C4CB9-A328-4329-B778-1522415C9615}.Debug|x64.ActiveCfg = Debug|iPhone
		{6E3C4CB9-A328-4329-B778-1522415C9615}.Debug|x64.Build.0 = Debug|iPhone
		{6E3C4CB9-A328-4329-B778-1522415C9615}.Debug|x64.Deploy.0 = Debug|iPhone
		{6E3C4CB9-A328-4329-B778-1522415C9615}.Debug|x86.ActiveCfg = Debug|iPhoneSimulator
		{6E3C4CB9-A328-4329-B778-1522415C9615}.Debug|x86.Build.0 = Debug|iPhoneSimulator
		{6E3C4CB9-A328-4329-B778-1522415C9615}.Debug|x86.Deploy.0 = Debug|iPhoneSimulator
		{6E3C4CB9-A328-4329-B778-1522415C9615}.Release|Any CPU.ActiveCfg = Release|iPhoneSimulator
		{6E3C4CB9-A328-4329-B778-1522415C9615}.Release|Any CPU.Build.0 = Release|iPhoneSimulator
		{6E3C4CB9-A328-4329-B778-1522415C9615}.Release|Any CPU.Deploy.0 = Release|iPhoneSimulator
		{6E3C4CB9-A328-4329-B778-1522415C9615}.Release|ARM.ActiveCfg = Release|iPhoneSimulator
		{6E3C4CB9-A328-4329-B778-1522415C9615}.Release|ARM.Build.0 = Release|iPhoneSimulator
		{6E3C4CB9-A328-4329-B778-1522415C9615}.Release|ARM.Deploy.0 = Release|iPhoneSimulator
		{6E3C4CB9-A328-4329-B778-1522415C9615}.Release|iPhone.ActiveCfg = Release|iPhone
		{6E3C4CB9-A328-4329-B778-1522415C9615}.Release|iPhone.Build.0 = Release|iPhone
		{6E3C4CB9-A328-4329-B778-1522415C9615}.Release|iPhone.Deploy.0 = Release|iPhone
		{6E3C4CB9-A328-4329-B778-1522415C9615}.Release|iPhoneSimulator.ActiveCfg = Release|iPhoneSimulator
		{6E3C4CB9-A328-4329-B778-1522415C9615}.Release|iPhoneSimulator.Build.0 = Release|iPhoneSimulator
		{6E3C4CB9-A328-4329-B778-1522415C9615}.Release|iPhoneSimulator.Deploy.0 = Release|iPhoneSimulator
		{6E3C4CB9-A328-4329-B778-1522415C9615}.Release|x64.ActiveCfg = Release|iPhoneSimulator
		{6E3C4CB9-A328-4329-B778-1522415C9615}.Release|x64.Build.0 = Release|iPhoneSimulator
		{6E3C4CB9-A328-4329-B778-1522415C9615}.Release|x64.Deploy.0 = Release|iPhoneSimulator
		{6E3C4CB9-A328-4329-B778-1522415C9615}.Release|x86.ActiveCfg = Release|iPhoneSimulator
		{6E3C4CB9-A328-4329-B778-1522415C9615}.Release|x86.Build.0 = Release|iPhoneSimulator
		{6E3C4CB9-A328-4329-B778-1522415C9615}.Release|x86.Deploy.0 = Release|iPhoneSimulator
		{0694E885-15BA-4398-88A2-585081FA6C32}.Debug|Any CPU.ActiveCfg = Debug|Any CPU
		{0694E885-15BA-4398-88A2-585081FA6C32}.Debug|Any CPU.Build.0 = Debug|Any CPU
		{0694E885-15BA-4398-88A2-585081FA6C32}.Debug|Any CPU.Deploy.0 = Debug|Any CPU
		{0694E885-15BA-4398-88A2-585081FA6C32}.Debug|ARM.ActiveCfg = Debug|Any CPU
		{0694E885-15BA-4398-88A2-585081FA6C32}.Debug|ARM.Build.0 = Debug|Any CPU
		{0694E885-15BA-4398-88A2-585081FA6C32}.Debug|ARM.Deploy.0 = Debug|Any CPU
		{0694E885-15BA-4398-88A2-585081FA6C32}.Debug|iPhone.ActiveCfg = Debug|Any CPU
		{0694E885-15BA-4398-88A2-585081FA6C32}.Debug|iPhone.Build.0 = Debug|Any CPU
		{0694E885-15BA-4398-88A2-585081FA6C32}.Debug|iPhone.Deploy.0 = Debug|Any CPU
		{0694E885-15BA-4398-88A2-585081FA6C32}.Debug|iPhoneSimulator.ActiveCfg = Debug|Any CPU
		{0694E885-15BA-4398-88A2-585081FA6C32}.Debug|iPhoneSimulator.Build.0 = Debug|Any CPU
		{0694E885-15BA-4398-88A2-585081FA6C32}.Debug|iPhoneSimulator.Deploy.0 = Debug|Any CPU
		{0694E885-15BA-4398-88A2-585081FA6C32}.Debug|x64.ActiveCfg = Debug|Any CPU
		{0694E885-15BA-4398-88A2-585081FA6C32}.Debug|x64.Build.0 = Debug|Any CPU
		{0694E885-15BA-4398-88A2-585081FA6C32}.Debug|x64.Deploy.0 = Debug|Any CPU
		{0694E885-15BA-4398-88A2-585081FA6C32}.Debug|x86.ActiveCfg = Debug|Any CPU
		{0694E885-15BA-4398-88A2-585081FA6C32}.Debug|x86.Build.0 = Debug|Any CPU
		{0694E885-15BA-4398-88A2-585081FA6C32}.Debug|x86.Deploy.0 = Debug|Any CPU
		{0694E885-15BA-4398-88A2-585081FA6C32}.Release|Any CPU.ActiveCfg = Release|Any CPU
		{0694E885-15BA-4398-88A2-585081FA6C32}.Release|Any CPU.Build.0 = Release|Any CPU
		{0694E885-15BA-4398-88A2-585081FA6C32}.Release|Any CPU.Deploy.0 = Release|Any CPU
		{0694E885-15BA-4398-88A2-585081FA6C32}.Release|ARM.ActiveCfg = Release|Any CPU
		{0694E885-15BA-4398-88A2-585081FA6C32}.Release|ARM.Build.0 = Release|Any CPU
		{0694E885-15BA-4398-88A2-585081FA6C32}.Release|ARM.Deploy.0 = Release|Any CPU
		{0694E885-15BA-4398-88A2-585081FA6C32}.Release|iPhone.ActiveCfg = Release|Any CPU
		{0694E885-15BA-4398-88A2-585081FA6C32}.Release|iPhone.Build.0 = Release|Any CPU
		{0694E885-15BA-4398-88A2-585081FA6C32}.Release|iPhone.Deploy.0 = Release|Any CPU
		{0694E885-15BA-4398-88A2-585081FA6C32}.Release|iPhoneSimulator.ActiveCfg = Release|Any CPU
		{0694E885-15BA-4398-88A2-585081FA6C32}.Release|iPhoneSimulator.Build.0 = Release|Any CPU
		{0694E885-15BA-4398-88A2-585081FA6C32}.Release|iPhoneSimulator.Deploy.0 = Release|Any CPU
		{0694E885-15BA-4398-88A2-585081FA6C32}.Release|x64.ActiveCfg = Release|Any CPU
		{0694E885-15BA-4398-88A2-585081FA6C32}.Release|x64.Build.0 = Release|Any CPU
		{0694E885-15BA-4398-88A2-585081FA6C32}.Release|x64.Deploy.0 = Release|Any CPU
		{0694E885-15BA-4398-88A2-585081FA6C32}.Release|x86.ActiveCfg = Release|Any CPU
		{0694E885-15BA-4398-88A2-585081FA6C32}.Release|x86.Build.0 = Release|Any CPU
		{0694E885-15BA-4398-88A2-585081FA6C32}.Release|x86.Deploy.0 = Release|Any CPU
		{1A73B279-4FD6-43E2-B74F-CAB9923952A5}.Debug|Any CPU.ActiveCfg = Debug|Any CPU
		{1A73B279-4FD6-43E2-B74F-CAB9923952A5}.Debug|Any CPU.Build.0 = Debug|Any CPU
		{1A73B279-4FD6-43E2-B74F-CAB9923952A5}.Debug|ARM.ActiveCfg = Debug|Any CPU
		{1A73B279-4FD6-43E2-B74F-CAB9923952A5}.Debug|ARM.Build.0 = Debug|Any CPU
		{1A73B279-4FD6-43E2-B74F-CAB9923952A5}.Debug|iPhone.ActiveCfg = Debug|Any CPU
		{1A73B279-4FD6-43E2-B74F-CAB9923952A5}.Debug|iPhone.Build.0 = Debug|Any CPU
		{1A73B279-4FD6-43E2-B74F-CAB9923952A5}.Debug|iPhoneSimulator.ActiveCfg = Debug|Any CPU
		{1A73B279-4FD6-43E2-B74F-CAB9923952A5}.Debug|iPhoneSimulator.Build.0 = Debug|Any CPU
		{1A73B279-4FD6-43E2-B74F-CAB9923952A5}.Debug|x64.ActiveCfg = Debug|Any CPU
		{1A73B279-4FD6-43E2-B74F-CAB9923952A5}.Debug|x64.Build.0 = Debug|Any CPU
		{1A73B279-4FD6-43E2-B74F-CAB9923952A5}.Debug|x86.ActiveCfg = Debug|Any CPU
		{1A73B279-4FD6-43E2-B74F-CAB9923952A5}.Debug|x86.Build.0 = Debug|Any CPU
		{1A73B279-4FD6-43E2-B74F-CAB9923952A5}.Release|Any CPU.ActiveCfg = Release|Any CPU
		{1A73B279-4FD6-43E2-B74F-CAB9923952A5}.Release|Any CPU.Build.0 = Release|Any CPU
		{1A73B279-4FD6-43E2-B74F-CAB9923952A5}.Release|ARM.ActiveCfg = Release|Any CPU
		{1A73B279-4FD6-43E2-B74F-CAB9923952A5}.Release|ARM.Build.0 = Release|Any CPU
		{1A73B279-4FD6-43E2-B74F-CAB9923952A5}.Release|iPhone.ActiveCfg = Release|Any CPU
		{1A73B279-4FD6-43E2-B74F-CAB9923952A5}.Release|iPhone.Build.0 = Release|Any CPU
		{1A73B279-4FD6-43E2-B74F-CAB9923952A5}.Release|iPhoneSimulator.ActiveCfg = Release|Any CPU
		{1A73B279-4FD6-43E2-B74F-CAB9923952A5}.Release|iPhoneSimulator.Build.0 = Release|Any CPU
		{1A73B279-4FD6-43E2-B74F-CAB9923952A5}.Release|x64.ActiveCfg = Release|Any CPU
		{1A73B279-4FD6-43E2-B74F-CAB9923952A5}.Release|x64.Build.0 = Release|Any CPU
		{1A73B279-4FD6-43E2-B74F-CAB9923952A5}.Release|x86.ActiveCfg = Release|Any CPU
		{1A73B279-4FD6-43E2-B74F-CAB9923952A5}.Release|x86.Build.0 = Release|Any CPU
		{CF818A03-7CFD-4ED0-9F80-3251FB6E29AE}.Debug|Any CPU.ActiveCfg = Debug|Any CPU
		{CF818A03-7CFD-4ED0-9F80-3251FB6E29AE}.Debug|Any CPU.Build.0 = Debug|Any CPU
		{CF818A03-7CFD-4ED0-9F80-3251FB6E29AE}.Debug|ARM.ActiveCfg = Debug|Any CPU
		{CF818A03-7CFD-4ED0-9F80-3251FB6E29AE}.Debug|ARM.Build.0 = Debug|Any CPU
		{CF818A03-7CFD-4ED0-9F80-3251FB6E29AE}.Debug|iPhone.ActiveCfg = Debug|Any CPU
		{CF818A03-7CFD-4ED0-9F80-3251FB6E29AE}.Debug|iPhone.Build.0 = Debug|Any CPU
		{CF818A03-7CFD-4ED0-9F80-3251FB6E29AE}.Debug|iPhoneSimulator.ActiveCfg = Debug|Any CPU
		{CF818A03-7CFD-4ED0-9F80-3251FB6E29AE}.Debug|iPhoneSimulator.Build.0 = Debug|Any CPU
		{CF818A03-7CFD-4ED0-9F80-3251FB6E29AE}.Debug|x64.ActiveCfg = Debug|Any CPU
		{CF818A03-7CFD-4ED0-9F80-3251FB6E29AE}.Debug|x64.Build.0 = Debug|Any CPU
		{CF818A03-7CFD-4ED0-9F80-3251FB6E29AE}.Debug|x86.ActiveCfg = Debug|Any CPU
		{CF818A03-7CFD-4ED0-9F80-3251FB6E29AE}.Debug|x86.Build.0 = Debug|Any CPU
		{CF818A03-7CFD-4ED0-9F80-3251FB6E29AE}.Release|Any CPU.ActiveCfg = Release|Any CPU
		{CF818A03-7CFD-4ED0-9F80-3251FB6E29AE}.Release|Any CPU.Build.0 = Release|Any CPU
		{CF818A03-7CFD-4ED0-9F80-3251FB6E29AE}.Release|ARM.ActiveCfg = Release|Any CPU
		{CF818A03-7CFD-4ED0-9F80-3251FB6E29AE}.Release|ARM.Build.0 = Release|Any CPU
		{CF818A03-7CFD-4ED0-9F80-3251FB6E29AE}.Release|iPhone.ActiveCfg = Release|Any CPU
		{CF818A03-7CFD-4ED0-9F80-3251FB6E29AE}.Release|iPhone.Build.0 = Release|Any CPU
		{CF818A03-7CFD-4ED0-9F80-3251FB6E29AE}.Release|iPhoneSimulator.ActiveCfg = Release|Any CPU
		{CF818A03-7CFD-4ED0-9F80-3251FB6E29AE}.Release|iPhoneSimulator.Build.0 = Release|Any CPU
		{CF818A03-7CFD-4ED0-9F80-3251FB6E29AE}.Release|x64.ActiveCfg = Release|Any CPU
		{CF818A03-7CFD-4ED0-9F80-3251FB6E29AE}.Release|x64.Build.0 = Release|Any CPU
		{CF818A03-7CFD-4ED0-9F80-3251FB6E29AE}.Release|x86.ActiveCfg = Release|Any CPU
		{CF818A03-7CFD-4ED0-9F80-3251FB6E29AE}.Release|x86.Build.0 = Release|Any CPU
	EndGlobalSection
	GlobalSection(SolutionProperties) = preSolution
		HideSolutionNode = FALSE
	EndGlobalSection
	GlobalSection(ExtensibilityGlobals) = postSolution
		SolutionGuid = {205823E2-19D5-4770-934C-0B1C1EBB233C}
	EndGlobalSection
EndGlobal
